
Microsoft Visual Studio Solution File, Format Version 12.00
# Visual Studio Version 16
VisualStudioVersion = 16.0.808.5
MinimumVisualStudioVersion = 10.0.40219.1
Project("{FAE04EC0-301F-11D3-BF4B-00C04F79EFBC}") = "ApiTest", "ApiTest\ApiTest.csproj", "{5826FAF3-326A-418E-B3A3-24D1ACDB29F2}"
EndProject
Global
	GlobalSection(SolutionConfigurationPlatforms) = preSolution
		Debug|Any CPU = Debug|Any CPU
		Release|Any CPU = Release|Any CPU
	EndGlobalSection
	GlobalSection(ProjectConfigurationPlatforms) = postSolution
		{5826FAF3-326A-418E-B3A3-24D1ACDB29F2}.Debug|Any CPU.ActiveCfg = Debug|Any CPU
		{5826FAF3-326A-418E-B3A3-24D1ACDB29F2}.Debug|Any CPU.Build.0 = Debug|Any CPU
		{5826FAF3-326A-418E-B3A3-24D1ACDB29F2}.Release|Any CPU.ActiveCfg = Release|Any CPU
		{5826FAF3-326A-418E-B3A3-24D1ACDB29F2}.Release|Any CPU.Build.0 = Release|Any CPU
	EndGlobalSection
	GlobalSection(SolutionProperties) = preSolution
		HideSolutionNode = FALSE
	EndGlobalSection
	GlobalSection(ExtensibilityGlobals) = postSolution
		SolutionGuid = {5A231BBA-53A2-4C89-80E1-02E1FCD5E5DD}
	EndGlobalSection
EndGlobal
